
Microsoft Visual Studio Solution File, Format Version 12.00
# Visual Studio 2012
Project("{FAE04EC0-301F-11D3-BF4B-00C04F79EFBC}") = "Nop.Plugin.Misc.FreeSample", "Nop.Plugin.Misc.FreeSample.csproj", "{CA1B3602-962A-4B6C-98FD-5BF6287F22B9}"
EndProject
Global
	GlobalSection(SolutionConfigurationPlatforms) = preSolution
		Debug|Any CPU = Debug|Any CPU
		Release|Any CPU = Release|Any CPU
	EndGlobalSection
	GlobalSection(ProjectConfigurationPlatforms) = postSolution
		{CA1B3602-962A-4B6C-98FD-5BF6287F22B9}.Debug|Any CPU.ActiveCfg = Debug|Any CPU
		{CA1B3602-962A-4B6C-98FD-5BF6287F22B9}.Debug|Any CPU.Build.0 = Debug|Any CPU
		{CA1B3602-962A-4B6C-98FD-5BF6287F22B9}.Release|Any CPU.ActiveCfg = Release|Any CPU
		{CA1B3602-962A-4B6C-98FD-5BF6287F22B9}.Release|Any CPU.Build.0 = Release|Any CPU
	EndGlobalSection
	GlobalSection(SolutionProperties) = preSolution
		HideSolutionNode = FALSE
	EndGlobalSection
EndGlobal
